
Microsoft Visual Studio Solution File, Format Version 12.00
# Visual Studio Version 17
VisualStudioVersion = 17.14.36025.13
MinimumVisualStudioVersion = 10.0.40219.1
Project("{2150E333-8FDC-42A3-9474-1A3956D46DE8}") = "src", "src", "{0C5A74F6-702F-4276-B76F-A37F3CBB1C90}"
EndProject
Project("{2150E333-8FDC-42A3-9474-1A3956D46DE8}") = "test", "test", "{6B2739BB-9489-4079-ACF5-BFB4ACA98B86}"
EndProject
Project("{FAE04EC0-301F-11D3-BF4B-00C04F79EFBC}") = "Domain", "src\Domain\Domain.csproj", "{79BC888A-EA7F-42A1-BF6C-B35A353CB67F}"
EndProject
Project("{FAE04EC0-301F-11D3-BF4B-00C04F79EFBC}") = "Contracts", "src\Contracts\Contracts.csproj", "{5A48B050-4AB7-4B1D-859F-449F9369352F}"
EndProject
Project("{FAE04EC0-301F-11D3-BF4B-00C04F79EFBC}") = "Restaurants.Api.Tests", "test\unit\Restaurants.Api.Tests\Restaurants.Api.Tests.csproj", "{50FE8260-BAE0-49C9-9832-115845F244F2}"
EndProject
Project("{FAE04EC0-301F-11D3-BF4B-00C04F79EFBC}") = "Lunches.Api.Tests", "test\unit\Lunches.Api.Tests\Lunches.Api.Tests.csproj", "{88FF3118-E0AA-4D60-8BBA-F868515E1F11}"
EndProject
Project("{FAE04EC0-301F-11D3-BF4B-00C04F79EFBC}") = "Schools.Api.Tests", "test\unit\Schools.Api.Tests\Schools.Api.Tests.csproj", "{D7558035-A2B5-4635-AB4A-B9389C11308F}"
EndProject
Project("{FAE04EC0-301F-11D3-BF4B-00C04F79EFBC}") = "Gateway.Api", "src\Gateway.Api\Gateway.Api.csproj", "{ED6B6783-B070-ED0E-3429-1846E07E78C8}"
EndProject
Project("{FAE04EC0-301F-11D3-BF4B-00C04F79EFBC}") = "AppHost", "src\AppHost\AppHost.csproj", "{10A7E1B1-C480-85F8-775A-66352D1CB069}"
EndProject
Project("{FAE04EC0-301F-11D3-BF4B-00C04F79EFBC}") = "ServiceDefaults", "src\ServiceDefaults\ServiceDefaults.csproj", "{0C77E2AA-7ECB-E37A-5DC1-111240A98F52}"
EndProject
Project("{2150E333-8FDC-42A3-9474-1A3956D46DE8}") = "services", "services", "{02EA681E-C7D8-13C7-8484-4AC65E1B71E8}"
EndProject
Project("{FAE04EC0-301F-11D3-BF4B-00C04F79EFBC}") = "Restaurants.Api", "src\services\Restaurants.Api\Restaurants.Api.csproj", "{830B6516-871A-3F75-ACFC-D70F527360B7}"
EndProject
Project("{FAE04EC0-301F-11D3-BF4B-00C04F79EFBC}") = "Lunches.Api", "src\services\Lunches.Api\Lunches.Api.csproj", "{8CA62660-DC10-BA14-808E-50B1D7D5D0EE}"
EndProject
Project("{FAE04EC0-301F-11D3-BF4B-00C04F79EFBC}") = "Schools.Api", "src\services\Schools.Api\Schools.Api.csproj", "{8217D9FF-55F7-95F3-1286-3D7CCF25350E}"
EndProject
Project("{FAE04EC0-301F-11D3-BF4B-00C04F79EFBC}") = "Orders.Api", "src\services\Orders.Api\Orders.Api.csproj", "{80C937D6-D431-8389-27B8-EC59299955BB}"
EndProject
Project("{FAE04EC0-301F-11D3-BF4B-00C04F79EFBC}") = "Cart.Api", "src\services\Cart.Api\Cart.Api.csproj", "{27631934-E504-7AE1-31C0-D3C88543393B}"
EndProject
Project("{FAE04EC0-301F-11D3-BF4B-00C04F79EFBC}") = "Notifications.Api", "src\services\Notifications.Api\Notifications.Api.csproj", "{991A759F-C4AD-36C2-C655-0C6B788F3F1C}"
EndProject
Project("{FAE04EC0-301F-11D3-BF4B-00C04F79EFBC}") = "Billing.Api", "src\services\Billing.Api\Billing.Api.csproj", "{73A14500-0A6E-91E9-A0FE-6DF56AF715E3}"
EndProject
Project("{2150E333-8FDC-42A3-9474-1A3956D46DE8}") = "unit", "unit", "{EED3D332-2517-45AD-B637-5F9E012B5131}"
EndProject
Project("{2150E333-8FDC-42A3-9474-1A3956D46DE8}") = "integration", "integration", "{36665124-D7F5-44D9-A0D1-1B24BC19D845}"
EndProject
Project("{FAE04EC0-301F-11D3-BF4B-00C04F79EFBC}") = "Restaurants.Api.IntegrationTests", "test\integration\Restaurants.Api.IntegrationTests\Restaurants.Api.IntegrationTests.csproj", "{2CF9A5B4-A81E-4E7E-A693-42DD37A23753}"
EndProject
Project("{2150E333-8FDC-42A3-9474-1A3956D46DE8}") = "sln", "sln", "{DB145B74-CD13-47C5-B2A4-7FC16F23BA09}"
	ProjectSection(SolutionItems) = preProject
		Directory.Packages.props = Directory.Packages.props
		docker-compose.yml = docker-compose.yml
		README.md = README.md
		Directory.Build.props = Directory.Build.props
	EndProjectSection
EndProject
Project("{FAE04EC0-301F-11D3-BF4B-00C04F79EFBC}") = "Domain.Tests", "test\unit\Domain.Tests\Domain.Tests.csproj", "{76F37440-157D-4FA9-8EE9-343FE908DEFD}"
EndProject
Project("{FAE04EC0-301F-11D3-BF4B-00C04F79EFBC}") = "Users.Api", "src\services\Users.Api\Users.Api.csproj", "{C675FFD1-BD4E-4CC2-9448-B4596E0205F4}"
EndProject
Project("{FAE04EC0-301F-11D3-BF4B-00C04F79EFBC}") = "Users.Api.IntegrationTests", "test\integration\Users.Api.IntegrationTests\Users.Api.IntegrationTests.csproj", "{BDC68549-4B49-4B2A-AAE5-8BF526CB8A36}"
EndProject
Project("{FAE04EC0-301F-11D3-BF4B-00C04F79EFBC}") = "Users.Api.Tests", "test\unit\Users.Api.Tests\Users.Api.Tests.csproj", "{D5C2AA26-B1FE-44B0-A133-1E30D12F7A7E}"
EndProject
Global
	GlobalSection(SolutionConfigurationPlatforms) = preSolution
		Debug|Any CPU = Debug|Any CPU
		Release|Any CPU = Release|Any CPU
	EndGlobalSection
	GlobalSection(ProjectConfigurationPlatforms) = postSolution
		{79BC888A-EA7F-42A1-BF6C-B35A353CB67F}.Debug|Any CPU.ActiveCfg = Debug|Any CPU
		{79BC888A-EA7F-42A1-BF6C-B35A353CB67F}.Debug|Any CPU.Build.0 = Debug|Any CPU
		{79BC888A-EA7F-42A1-BF6C-B35A353CB67F}.Release|Any CPU.ActiveCfg = Release|Any CPU
		{79BC888A-EA7F-42A1-BF6C-B35A353CB67F}.Release|Any CPU.Build.0 = Release|Any CPU
		{5A48B050-4AB7-4B1D-859F-449F9369352F}.Debug|Any CPU.ActiveCfg = Debug|Any CPU
		{5A48B050-4AB7-4B1D-859F-449F9369352F}.Debug|Any CPU.Build.0 = Debug|Any CPU
		{5A48B050-4AB7-4B1D-859F-449F9369352F}.Release|Any CPU.ActiveCfg = Release|Any CPU
		{5A48B050-4AB7-4B1D-859F-449F9369352F}.Release|Any CPU.Build.0 = Release|Any CPU
		{50FE8260-BAE0-49C9-9832-115845F244F2}.Debug|Any CPU.ActiveCfg = Debug|Any CPU
		{50FE8260-BAE0-49C9-9832-115845F244F2}.Debug|Any CPU.Build.0 = Debug|Any CPU
		{50FE8260-BAE0-49C9-9832-115845F244F2}.Release|Any CPU.ActiveCfg = Release|Any CPU
		{50FE8260-BAE0-49C9-9832-115845F244F2}.Release|Any CPU.Build.0 = Release|Any CPU
		{88FF3118-E0AA-4D60-8BBA-F868515E1F11}.Debug|Any CPU.ActiveCfg = Debug|Any CPU
		{88FF3118-E0AA-4D60-8BBA-F868515E1F11}.Debug|Any CPU.Build.0 = Debug|Any CPU
		{88FF3118-E0AA-4D60-8BBA-F868515E1F11}.Release|Any CPU.ActiveCfg = Release|Any CPU
		{88FF3118-E0AA-4D60-8BBA-F868515E1F11}.Release|Any CPU.Build.0 = Release|Any CPU
		{D7558035-A2B5-4635-AB4A-B9389C11308F}.Debug|Any CPU.ActiveCfg = Debug|Any CPU
		{D7558035-A2B5-4635-AB4A-B9389C11308F}.Debug|Any CPU.Build.0 = Debug|Any CPU
		{D7558035-A2B5-4635-AB4A-B9389C11308F}.Release|Any CPU.ActiveCfg = Release|Any CPU
		{D7558035-A2B5-4635-AB4A-B9389C11308F}.Release|Any CPU.Build.0 = Release|Any CPU
		{ED6B6783-B070-ED0E-3429-1846E07E78C8}.Debug|Any CPU.ActiveCfg = Debug|Any CPU
		{ED6B6783-B070-ED0E-3429-1846E07E78C8}.Debug|Any CPU.Build.0 = Debug|Any CPU
		{ED6B6783-B070-ED0E-3429-1846E07E78C8}.Release|Any CPU.ActiveCfg = Release|Any CPU
		{ED6B6783-B070-ED0E-3429-1846E07E78C8}.Release|Any CPU.Build.0 = Release|Any CPU
		{10A7E1B1-C480-85F8-775A-66352D1CB069}.Debug|Any CPU.ActiveCfg = Debug|Any CPU
		{10A7E1B1-C480-85F8-775A-66352D1CB069}.Debug|Any CPU.Build.0 = Debug|Any CPU
		{10A7E1B1-C480-85F8-775A-66352D1CB069}.Release|Any CPU.ActiveCfg = Release|Any CPU
		{10A7E1B1-C480-85F8-775A-66352D1CB069}.Release|Any CPU.Build.0 = Release|Any CPU
		{0C77E2AA-7ECB-E37A-5DC1-111240A98F52}.Debug|Any CPU.ActiveCfg = Debug|Any CPU
		{0C77E2AA-7ECB-E37A-5DC1-111240A98F52}.Debug|Any CPU.Build.0 = Debug|Any CPU
		{0C77E2AA-7ECB-E37A-5DC1-111240A98F52}.Release|Any CPU.ActiveCfg = Release|Any CPU
		{0C77E2AA-7ECB-E37A-5DC1-111240A98F52}.Release|Any CPU.Build.0 = Release|Any CPU
		{830B6516-871A-3F75-ACFC-D70F527360B7}.Debug|Any CPU.ActiveCfg = Debug|Any CPU
		{830B6516-871A-3F75-ACFC-D70F527360B7}.Debug|Any CPU.Build.0 = Debug|Any CPU
		{830B6516-871A-3F75-ACFC-D70F527360B7}.Release|Any CPU.ActiveCfg = Release|Any CPU
		{830B6516-871A-3F75-ACFC-D70F527360B7}.Release|Any CPU.Build.0 = Release|Any CPU
		{8CA62660-DC10-BA14-808E-50B1D7D5D0EE}.Debug|Any CPU.ActiveCfg = Debug|Any CPU
		{8CA62660-DC10-BA14-808E-50B1D7D5D0EE}.Debug|Any CPU.Build.0 = Debug|Any CPU
		{8CA62660-DC10-BA14-808E-50B1D7D5D0EE}.Release|Any CPU.ActiveCfg = Release|Any CPU
		{8CA62660-DC10-BA14-808E-50B1D7D5D0EE}.Release|Any CPU.Build.0 = Release|Any CPU
		{8217D9FF-55F7-95F3-1286-3D7CCF25350E}.Debug|Any CPU.ActiveCfg = Debug|Any CPU
		{8217D9FF-55F7-95F3-1286-3D7CCF25350E}.Debug|Any CPU.Build.0 = Debug|Any CPU
		{8217D9FF-55F7-95F3-1286-3D7CCF25350E}.Release|Any CPU.ActiveCfg = Release|Any CPU
		{8217D9FF-55F7-95F3-1286-3D7CCF25350E}.Release|Any CPU.Build.0 = Release|Any CPU
		{80C937D6-D431-8389-27B8-EC59299955BB}.Debug|Any CPU.ActiveCfg = Debug|Any CPU
		{80C937D6-D431-8389-27B8-EC59299955BB}.Debug|Any CPU.Build.0 = Debug|Any CPU
		{80C937D6-D431-8389-27B8-EC59299955BB}.Release|Any CPU.ActiveCfg = Release|Any CPU
		{80C937D6-D431-8389-27B8-EC59299955BB}.Release|Any CPU.Build.0 = Release|Any CPU
		{27631934-E504-7AE1-31C0-D3C88543393B}.Debug|Any CPU.ActiveCfg = Debug|Any CPU
		{27631934-E504-7AE1-31C0-D3C88543393B}.Debug|Any CPU.Build.0 = Debug|Any CPU
		{27631934-E504-7AE1-31C0-D3C88543393B}.Release|Any CPU.ActiveCfg = Release|Any CPU
		{27631934-E504-7AE1-31C0-D3C88543393B}.Release|Any CPU.Build.0 = Release|Any CPU
		{991A759F-C4AD-36C2-C655-0C6B788F3F1C}.Debug|Any CPU.ActiveCfg = Debug|Any CPU
		{991A759F-C4AD-36C2-C655-0C6B788F3F1C}.Debug|Any CPU.Build.0 = Debug|Any CPU
		{991A759F-C4AD-36C2-C655-0C6B788F3F1C}.Release|Any CPU.ActiveCfg = Release|Any CPU
		{991A759F-C4AD-36C2-C655-0C6B788F3F1C}.Release|Any CPU.Build.0 = Release|Any CPU
		{73A14500-0A6E-91E9-A0FE-6DF56AF715E3}.Debug|Any CPU.ActiveCfg = Debug|Any CPU
		{73A14500-0A6E-91E9-A0FE-6DF56AF715E3}.Debug|Any CPU.Build.0 = Debug|Any CPU
		{73A14500-0A6E-91E9-A0FE-6DF56AF715E3}.Release|Any CPU.ActiveCfg = Release|Any CPU
		{73A14500-0A6E-91E9-A0FE-6DF56AF715E3}.Release|Any CPU.Build.0 = Release|Any CPU
		{2CF9A5B4-A81E-4E7E-A693-42DD37A23753}.Debug|Any CPU.ActiveCfg = Debug|Any CPU
		{2CF9A5B4-A81E-4E7E-A693-42DD37A23753}.Debug|Any CPU.Build.0 = Debug|Any CPU
		{2CF9A5B4-A81E-4E7E-A693-42DD37A23753}.Release|Any CPU.ActiveCfg = Release|Any CPU
		{2CF9A5B4-A81E-4E7E-A693-42DD37A23753}.Release|Any CPU.Build.0 = Release|Any CPU
		{76F37440-157D-4FA9-8EE9-343FE908DEFD}.Debug|Any CPU.ActiveCfg = Debug|Any CPU
		{76F37440-157D-4FA9-8EE9-343FE908DEFD}.Debug|Any CPU.Build.0 = Debug|Any CPU
		{76F37440-157D-4FA9-8EE9-343FE908DEFD}.Release|Any CPU.ActiveCfg = Release|Any CPU
		{76F37440-157D-4FA9-8EE9-343FE908DEFD}.Release|Any CPU.Build.0 = Release|Any CPU
		{C675FFD1-BD4E-4CC2-9448-B4596E0205F4}.Debug|Any CPU.ActiveCfg = Debug|Any CPU
		{C675FFD1-BD4E-4CC2-9448-B4596E0205F4}.Debug|Any CPU.Build.0 = Debug|Any CPU
		{C675FFD1-BD4E-4CC2-9448-B4596E0205F4}.Release|Any CPU.ActiveCfg = Release|Any CPU
		{C675FFD1-BD4E-4CC2-9448-B4596E0205F4}.Release|Any CPU.Build.0 = Release|Any CPU
		{BDC68549-4B49-4B2A-AAE5-8BF526CB8A36}.Debug|Any CPU.ActiveCfg = Debug|Any CPU
		{BDC68549-4B49-4B2A-AAE5-8BF526CB8A36}.Debug|Any CPU.Build.0 = Debug|Any CPU
		{BDC68549-4B49-4B2A-AAE5-8BF526CB8A36}.Release|Any CPU.ActiveCfg = Release|Any CPU
		{BDC68549-4B49-4B2A-AAE5-8BF526CB8A36}.Release|Any CPU.Build.0 = Release|Any CPU
		{D5C2AA26-B1FE-44B0-A133-1E30D12F7A7E}.Debug|Any CPU.ActiveCfg = Debug|Any CPU
		{D5C2AA26-B1FE-44B0-A133-1E30D12F7A7E}.Debug|Any CPU.Build.0 = Debug|Any CPU
		{D5C2AA26-B1FE-44B0-A133-1E30D12F7A7E}.Release|Any CPU.ActiveCfg = Release|Any CPU
		{D5C2AA26-B1FE-44B0-A133-1E30D12F7A7E}.Release|Any CPU.Build.0 = Release|Any CPU
	EndGlobalSection
	GlobalSection(SolutionProperties) = preSolution
		HideSolutionNode = FALSE
	EndGlobalSection
	GlobalSection(NestedProjects) = preSolution
		{79BC888A-EA7F-42A1-BF6C-B35A353CB67F} = {0C5A74F6-702F-4276-B76F-A37F3CBB1C90}
		{5A48B050-4AB7-4B1D-859F-449F9369352F} = {0C5A74F6-702F-4276-B76F-A37F3CBB1C90}
		{ED6B6783-B070-ED0E-3429-1846E07E78C8} = {0C5A74F6-702F-4276-B76F-A37F3CBB1C90}
		{10A7E1B1-C480-85F8-775A-66352D1CB069} = {0C5A74F6-702F-4276-B76F-A37F3CBB1C90}
		{0C77E2AA-7ECB-E37A-5DC1-111240A98F52} = {0C5A74F6-702F-4276-B76F-A37F3CBB1C90}
		{02EA681E-C7D8-13C7-8484-4AC65E1B71E8} = {0C5A74F6-702F-4276-B76F-A37F3CBB1C90}
		{830B6516-871A-3F75-ACFC-D70F527360B7} = {02EA681E-C7D8-13C7-8484-4AC65E1B71E8}
		{8CA62660-DC10-BA14-808E-50B1D7D5D0EE} = {02EA681E-C7D8-13C7-8484-4AC65E1B71E8}
		{8217D9FF-55F7-95F3-1286-3D7CCF25350E} = {02EA681E-C7D8-13C7-8484-4AC65E1B71E8}
		{80C937D6-D431-8389-27B8-EC59299955BB} = {02EA681E-C7D8-13C7-8484-4AC65E1B71E8}
		{27631934-E504-7AE1-31C0-D3C88543393B} = {02EA681E-C7D8-13C7-8484-4AC65E1B71E8}
		{991A759F-C4AD-36C2-C655-0C6B788F3F1C} = {02EA681E-C7D8-13C7-8484-4AC65E1B71E8}
		{73A14500-0A6E-91E9-A0FE-6DF56AF715E3} = {02EA681E-C7D8-13C7-8484-4AC65E1B71E8}
		{EED3D332-2517-45AD-B637-5F9E012B5131} = {6B2739BB-9489-4079-ACF5-BFB4ACA98B86}
		{88FF3118-E0AA-4D60-8BBA-F868515E1F11} = {EED3D332-2517-45AD-B637-5F9E012B5131}
		{50FE8260-BAE0-49C9-9832-115845F244F2} = {EED3D332-2517-45AD-B637-5F9E012B5131}
		{D7558035-A2B5-4635-AB4A-B9389C11308F} = {EED3D332-2517-45AD-B637-5F9E012B5131}
		{36665124-D7F5-44D9-A0D1-1B24BC19D845} = {6B2739BB-9489-4079-ACF5-BFB4ACA98B86}
		{2CF9A5B4-A81E-4E7E-A693-42DD37A23753} = {36665124-D7F5-44D9-A0D1-1B24BC19D845}
		{76F37440-157D-4FA9-8EE9-343FE908DEFD} = {EED3D332-2517-45AD-B637-5F9E012B5131}
		{C675FFD1-BD4E-4CC2-9448-B4596E0205F4} = {02EA681E-C7D8-13C7-8484-4AC65E1B71E8}
		{BDC68549-4B49-4B2A-AAE5-8BF526CB8A36} = {36665124-D7F5-44D9-A0D1-1B24BC19D845}
		{D5C2AA26-B1FE-44B0-A133-1E30D12F7A7E} = {EED3D332-2517-45AD-B637-5F9E012B5131}
	EndGlobalSection
	GlobalSection(ExtensibilityGlobals) = postSolution
		SolutionGuid = {428F9C1D-63A3-4FDC-91D4-3A6307968374}
	EndGlobalSection
EndGlobal
